
Microsoft Visual Studio Solution File, Format Version 12.00
# Visual Studio Version 16
VisualStudioVersion = 25.0.1706.6
MinimumVisualStudioVersion = 10.0.40219.1
Project("{FAE04EC0-301F-11D3-BF4B-00C04F79EFBC}") = "az-appservice-dotnet", "az-appservice-dotnet\az-appservice-dotnet.csproj", "{C9F971F6-AB9C-4704-BB5E-3524C36AD9AE}"
EndProject
Global
	GlobalSection(SolutionConfigurationPlatforms) = preSolution
		Debug|Any CPU = Debug|Any CPU
		Release|Any CPU = Release|Any CPU
	EndGlobalSection
	GlobalSection(ProjectConfigurationPlatforms) = postSolution
		{C9F971F6-AB9C-4704-BB5E-3524C36AD9AE}.Debug|Any CPU.ActiveCfg = Debug|Any CPU
		{C9F971F6-AB9C-4704-BB5E-3524C36AD9AE}.Debug|Any CPU.Build.0 = Debug|Any CPU
		{C9F971F6-AB9C-4704-BB5E-3524C36AD9AE}.Release|Any CPU.ActiveCfg = Release|Any CPU
		{C9F971F6-AB9C-4704-BB5E-3524C36AD9AE}.Release|Any CPU.Build.0 = Release|Any CPU
	EndGlobalSection
	GlobalSection(SolutionProperties) = preSolution
		HideSolutionNode = FALSE
	EndGlobalSection
	GlobalSection(ExtensibilityGlobals) = postSolution
		SolutionGuid = {207FCF3D-D0DF-450B-9686-995A18B3F42F}
	EndGlobalSection
EndGlobal
